// !$*UTF8*$!
{
	archiveVersion = 1;
	classes = {
	};
	objectVersion = 50;
	objects = {

/* Begin PBXBuildFile section */
		8E3975262402694F00F54209 /* NotificationCenter.framework in Frameworks */ = {isa = PBXBuildFile; fileRef = 8E3975252402694F00F54209 /* NotificationCenter.framework */; };
		8E3975292402694F00F54209 /* TodayViewController.swift in Sources */ = {isa = PBXBuildFile; fileRef = 8E3975282402694F00F54209 /* TodayViewController.swift */; };
		8E39752C2402694F00F54209 /* MainInterface.storyboard in Resources */ = {isa = PBXBuildFile; fileRef = 8E39752A2402694F00F54209 /* MainInterface.storyboard */; };
		8E3975302402695000F54209 /* Tаймер.appex in Embed App Extensions */ = {isa = PBXBuildFile; fileRef = 8E3975232402694F00F54209 /* Tаймер.appex */; settings = {ATTRIBUTES = (RemoveHeadersOnCopy, ); }; };
		8E3B341F24004912003C7EF9 /* AppDelegate.swift in Sources */ = {isa = PBXBuildFile; fileRef = 8E3B341E24004912003C7EF9 /* AppDelegate.swift */; };
		8E3B342124004912003C7EF9 /* SceneDelegate.swift in Sources */ = {isa = PBXBuildFile; fileRef = 8E3B342024004912003C7EF9 /* SceneDelegate.swift */; };
		8E3B342324004912003C7EF9 /* ViewController.swift in Sources */ = {isa = PBXBuildFile; fileRef = 8E3B342224004912003C7EF9 /* ViewController.swift */; };
		8E3B342624004912003C7EF9 /* Main.storyboard in Resources */ = {isa = PBXBuildFile; fileRef = 8E3B342424004912003C7EF9 /* Main.storyboard */; };
		8E3B342824004914003C7EF9 /* Assets.xcassets in Resources */ = {isa = PBXBuildFile; fileRef = 8E3B342724004914003C7EF9 /* Assets.xcassets */; };
		8E3B342B24004914003C7EF9 /* LaunchScreen.storyboard in Resources */ = {isa = PBXBuildFile; fileRef = 8E3B342924004914003C7EF9 /* LaunchScreen.storyboard */; };
		8E3B343824004B74003C7EF9 /* Interface.storyboard in Resources */ = {isa = PBXBuildFile; fileRef = 8E3B343624004B74003C7EF9 /* Interface.storyboard */; };
		8E3B343A24004B78003C7EF9 /* Assets.xcassets in Resources */ = {isa = PBXBuildFile; fileRef = 8E3B343924004B78003C7EF9 /* Assets.xcassets */; };
		8E3B344124004B79003C7EF9 /* TimerWatch Extension.appex in Embed App Extensions */ = {isa = PBXBuildFile; fileRef = 8E3B344024004B79003C7EF9 /* TimerWatch Extension.appex */; settings = {ATTRIBUTES = (RemoveHeadersOnCopy, ); }; };
		8E3B344624004B79003C7EF9 /* InterfaceController.swift in Sources */ = {isa = PBXBuildFile; fileRef = 8E3B344524004B79003C7EF9 /* InterfaceController.swift */; };
		8E3B344824004B79003C7EF9 /* ExtensionDelegate.swift in Sources */ = {isa = PBXBuildFile; fileRef = 8E3B344724004B79003C7EF9 /* ExtensionDelegate.swift */; };
		8E3B344A24004B7B003C7EF9 /* Assets.xcassets in Resources */ = {isa = PBXBuildFile; fileRef = 8E3B344924004B7B003C7EF9 /* Assets.xcassets */; };
		8E3B344E24004B7B003C7EF9 /* Таймер.app in Embed Watch Content */ = {isa = PBXBuildFile; fileRef = 8E3B343424004B74003C7EF9 /* Таймер.app */; settings = {ATTRIBUTES = (RemoveHeadersOnCopy, ); }; };
/* End PBXBuildFile section */

/* Begin PBXContainerItemProxy section */
		8E39752E2402695000F54209 /* PBXContainerItemProxy */ = {
			isa = PBXContainerItemProxy;
			containerPortal = 8E3B341324004912003C7EF9 /* Project object */;
			proxyType = 1;
			remoteGlobalIDString = 8E3975222402694F00F54209;
			remoteInfo = "TimerApp Extension";
		};
		8E3B344224004B79003C7EF9 /* PBXContainerItemProxy */ = {
			isa = PBXContainerItemProxy;
			containerPortal = 8E3B341324004912003C7EF9 /* Project object */;
			proxyType = 1;
			remoteGlobalIDString = 8E3B343F24004B79003C7EF9;
			remoteInfo = "TimerWatch Extension";
		};
		8E3B344C24004B7B003C7EF9 /* PBXContainerItemProxy */ = {
			isa = PBXContainerItemProxy;
			containerPortal = 8E3B341324004912003C7EF9 /* Project object */;
			proxyType = 1;
			remoteGlobalIDString = 8E3B343324004B74003C7EF9;
			remoteInfo = TimerWatch;
		};
/* End PBXContainerItemProxy section */

/* Begin PBXCopyFilesBuildPhase section */
		8E3975312402695000F54209 /* Embed App Extensions */ = {
			isa = PBXCopyFilesBuildPhase;
			buildActionMask = 2147483647;
			dstPath = "";
			dstSubfolderSpec = 13;
			files = (
				8E3975302402695000F54209 /* Tаймер.appex in Embed App Extensions */,
			);
			name = "Embed App Extensions";
			runOnlyForDeploymentPostprocessing = 0;
		};
		8E3B345224004B7B003C7EF9 /* Embed App Extensions */ = {
			isa = PBXCopyFilesBuildPhase;
			buildActionMask = 2147483647;
			dstPath = "";
			dstSubfolderSpec = 13;
			files = (
				8E3B344124004B79003C7EF9 /* TimerWatch Extension.appex in Embed App Extensions */,
			);
			name = "Embed App Extensions";
			runOnlyForDeploymentPostprocessing = 0;
		};
		8E3B345624004B7B003C7EF9 /* Embed Watch Content */ = {
			isa = PBXCopyFilesBuildPhase;
			buildActionMask = 2147483647;
			dstPath = "$(CONTENTS_FOLDER_PATH)/Watch";
			dstSubfolderSpec = 16;
			files = (
				8E3B344E24004B7B003C7EF9 /* Таймер.app in Embed Watch Content */,
			);
			name = "Embed Watch Content";
			runOnlyForDeploymentPostprocessing = 0;
		};
/* End PBXCopyFilesBuildPhase section */

/* Begin PBXFileReference section */
		8E3975232402694F00F54209 /* Tаймер.appex */ = {isa = PBXFileReference; explicitFileType = "wrapper.app-extension"; includeInIndex = 0; path = "Tаймер.appex"; sourceTree = BUILT_PRODUCTS_DIR; };
		8E3975252402694F00F54209 /* NotificationCenter.framework */ = {isa = PBXFileReference; lastKnownFileType = wrapper.framework; name = NotificationCenter.framework; path = System/Library/Frameworks/NotificationCenter.framework; sourceTree = SDKROOT; };
		8E3975282402694F00F54209 /* TodayViewController.swift */ = {isa = PBXFileReference; lastKnownFileType = sourcecode.swift; path = TodayViewController.swift; sourceTree = "<group>"; };
		8E39752B2402694F00F54209 /* Base */ = {isa = PBXFileReference; lastKnownFileType = file.storyboard; name = Base; path = Base.lproj/MainInterface.storyboard; sourceTree = "<group>"; };
		8E39752D2402695000F54209 /* Info.plist */ = {isa = PBXFileReference; lastKnownFileType = text.plist.xml; path = Info.plist; sourceTree = "<group>"; };
		8E3B341B24004912003C7EF9 /* Таймер.app */ = {isa = PBXFileReference; explicitFileType = wrapper.application; includeInIndex = 0; path = "Таймер.app"; sourceTree = BUILT_PRODUCTS_DIR; };
		8E3B341E24004912003C7EF9 /* AppDelegate.swift */ = {isa = PBXFileReference; lastKnownFileType = sourcecode.swift; path = AppDelegate.swift; sourceTree = "<group>"; };
		8E3B342024004912003C7EF9 /* SceneDelegate.swift */ = {isa = PBXFileReference; lastKnownFileType = sourcecode.swift; path = SceneDelegate.swift; sourceTree = "<group>"; };
		8E3B342224004912003C7EF9 /* ViewController.swift */ = {isa = PBXFileReference; lastKnownFileType = sourcecode.swift; path = ViewController.swift; sourceTree = "<group>"; };
		8E3B342524004912003C7EF9 /* Base */ = {isa = PBXFileReference; lastKnownFileType = file.storyboard; name = Base; path = Base.lproj/Main.storyboard; sourceTree = "<group>"; };
		8E3B342724004914003C7EF9 /* Assets.xcassets */ = {isa = PBXFileReference; lastKnownFileType = folder.assetcatalog; path = Assets.xcassets; sourceTree = "<group>"; };
		8E3B342A24004914003C7EF9 /* Base */ = {isa = PBXFileReference; lastKnownFileType = file.storyboard; name = Base; path = Base.lproj/LaunchScreen.storyboard; sourceTree = "<group>"; };
		8E3B342C24004914003C7EF9 /* Info.plist */ = {isa = PBXFileReference; lastKnownFileType = text.plist.xml; path = Info.plist; sourceTree = "<group>"; };
		8E3B343424004B74003C7EF9 /* Таймер.app */ = {isa = PBXFileReference; explicitFileType = wrapper.application; includeInIndex = 0; path = "Таймер.app"; sourceTree = BUILT_PRODUCTS_DIR; };
		8E3B343724004B74003C7EF9 /* Base */ = {isa = PBXFileReference; lastKnownFileType = file.storyboard; name = Base; path = Base.lproj/Interface.storyboard; sourceTree = "<group>"; };
		8E3B343924004B78003C7EF9 /* Assets.xcassets */ = {isa = PBXFileReference; lastKnownFileType = folder.assetcatalog; path = Assets.xcassets; sourceTree = "<group>"; };
		8E3B343B24004B78003C7EF9 /* Info.plist */ = {isa = PBXFileReference; lastKnownFileType = text.plist.xml; path = Info.plist; sourceTree = "<group>"; };
		8E3B344024004B79003C7EF9 /* TimerWatch Extension.appex */ = {isa = PBXFileReference; explicitFileType = "wrapper.app-extension"; includeInIndex = 0; path = "TimerWatch Extension.appex"; sourceTree = BUILT_PRODUCTS_DIR; };
		8E3B344524004B79003C7EF9 /* InterfaceController.swift */ = {isa = PBXFileReference; lastKnownFileType = sourcecode.swift; path = InterfaceController.swift; sourceTree = "<group>"; };
		8E3B344724004B79003C7EF9 /* ExtensionDelegate.swift */ = {isa = PBXFileReference; lastKnownFileType = sourcecode.swift; path = ExtensionDelegate.swift; sourceTree = "<group>"; };
		8E3B344924004B7B003C7EF9 /* Assets.xcassets */ = {isa = PBXFileReference; lastKnownFileType = folder.assetcatalog; path = Assets.xcassets; sourceTree = "<group>"; };
		8E3B344B24004B7B003C7EF9 /* Info.plist */ = {isa = PBXFileReference; lastKnownFileType = text.plist.xml; path = Info.plist; sourceTree = "<group>"; };
/* End PBXFileReference section */

/* Begin PBXFrameworksBuildPhase section */
		8E3975202402694F00F54209 /* Frameworks */ = {
			isa = PBXFrameworksBuildPhase;
			buildActionMask = 2147483647;
			files = (
				8E3975262402694F00F54209 /* NotificationCenter.framework in Frameworks */,
			);
			runOnlyForDeploymentPostprocessing = 0;
		};
		8E3B341824004912003C7EF9 /* Frameworks */ = {
			isa = PBXFrameworksBuildPhase;
			buildActionMask = 2147483647;
			files = (
			);
			runOnlyForDeploymentPostprocessing = 0;
		};
		8E3B343D24004B79003C7EF9 /* Frameworks */ = {
			isa = PBXFrameworksBuildPhase;
			buildActionMask = 2147483647;
			files = (
			);
			runOnlyForDeploymentPostprocessing = 0;
		};
/* End PBXFrameworksBuildPhase section */

/* Begin PBXGroup section */
		8E3975242402694F00F54209 /* Frameworks */ = {
			isa = PBXGroup;
			children = (
				8E3975252402694F00F54209 /* NotificationCenter.framework */,
			);
			name = Frameworks;
			sourceTree = "<group>";
		};
		8E3975272402694F00F54209 /* TimerApp Extension */ = {
			isa = PBXGroup;
			children = (
				8E3975282402694F00F54209 /* TodayViewController.swift */,
				8E39752A2402694F00F54209 /* MainInterface.storyboard */,
				8E39752D2402695000F54209 /* Info.plist */,
			);
			path = "TimerApp Extension";
			sourceTree = "<group>";
		};
		8E3B341224004912003C7EF9 = {
			isa = PBXGroup;
			children = (
				8E3B341D24004912003C7EF9 /* TimerApp */,
				8E3B343524004B74003C7EF9 /* TimerWatch */,
				8E3B344424004B79003C7EF9 /* TimerWatch Extension */,
				8E3975272402694F00F54209 /* TimerApp Extension */,
				8E3975242402694F00F54209 /* Frameworks */,
				8E3B341C24004912003C7EF9 /* Products */,
			);
			sourceTree = "<group>";
		};
		8E3B341C24004912003C7EF9 /* Products */ = {
			isa = PBXGroup;
			children = (
				8E3B341B24004912003C7EF9 /* Таймер.app */,
				8E3B343424004B74003C7EF9 /* Таймер.app */,
				8E3B344024004B79003C7EF9 /* TimerWatch Extension.appex */,
				8E3975232402694F00F54209 /* Tаймер.appex */,
			);
			name = Products;
			sourceTree = "<group>";
		};
		8E3B341D24004912003C7EF9 /* TimerApp */ = {
			isa = PBXGroup;
			children = (
				8E3B341E24004912003C7EF9 /* AppDelegate.swift */,
				8E3B342024004912003C7EF9 /* SceneDelegate.swift */,
				8E3B342224004912003C7EF9 /* ViewController.swift */,
				8E3B342724004914003C7EF9 /* Assets.xcassets */,
				8E3B342424004912003C7EF9 /* Main.storyboard */,
				8E3B342924004914003C7EF9 /* LaunchScreen.storyboard */,
				8E3B342C24004914003C7EF9 /* Info.plist */,
			);
			path = TimerApp;
			sourceTree = "<group>";
		};
		8E3B343524004B74003C7EF9 /* TimerWatch */ = {
			isa = PBXGroup;
			children = (
				8E3B343624004B74003C7EF9 /* Interface.storyboard */,
				8E3B343924004B78003C7EF9 /* Assets.xcassets */,
				8E3B343B24004B78003C7EF9 /* Info.plist */,
			);
			path = TimerWatch;
			sourceTree = "<group>";
		};
		8E3B344424004B79003C7EF9 /* TimerWatch Extension */ = {
			isa = PBXGroup;
			children = (
				8E3B344524004B79003C7EF9 /* InterfaceController.swift */,
				8E3B344724004B79003C7EF9 /* ExtensionDelegate.swift */,
				8E3B344924004B7B003C7EF9 /* Assets.xcassets */,
				8E3B344B24004B7B003C7EF9 /* Info.plist */,
			);
			path = "TimerWatch Extension";
			sourceTree = "<group>";
		};
/* End PBXGroup section */

/* Begin PBXNativeTarget section */
		8E3975222402694F00F54209 /* TimerApp Extension */ = {
			isa = PBXNativeTarget;
			buildConfigurationList = 8E3975342402695000F54209 /* Build configuration list for PBXNativeTarget "TimerApp Extension" */;
			buildPhases = (
				8E39751F2402694F00F54209 /* Sources */,
				8E3975202402694F00F54209 /* Frameworks */,
				8E3975212402694F00F54209 /* Resources */,
			);
			buildRules = (
			);
			dependencies = (
			);
			name = "TimerApp Extension";
			productName = "TimerApp Extension";
			productReference = 8E3975232402694F00F54209 /* Tаймер.appex */;
			productType = "com.apple.product-type.app-extension";
		};
		8E3B341A24004912003C7EF9 /* TimerApp */ = {
			isa = PBXNativeTarget;
			buildConfigurationList = 8E3B342F24004914003C7EF9 /* Build configuration list for PBXNativeTarget "TimerApp" */;
			buildPhases = (
				8E3B341724004912003C7EF9 /* Sources */,
				8E3B341824004912003C7EF9 /* Frameworks */,
				8E3B341924004912003C7EF9 /* Resources */,
				8E3B345624004B7B003C7EF9 /* Embed Watch Content */,
				8E3975312402695000F54209 /* Embed App Extensions */,
			);
			buildRules = (
			);
			dependencies = (
				8E3B344D24004B7B003C7EF9 /* PBXTargetDependency */,
				8E39752F2402695000F54209 /* PBXTargetDependency */,
			);
			name = TimerApp;
			productName = TimerApp;
			productReference = 8E3B341B24004912003C7EF9 /* Таймер.app */;
			productType = "com.apple.product-type.application";
		};
		8E3B343324004B74003C7EF9 /* TimerWatch */ = {
			isa = PBXNativeTarget;
			buildConfigurationList = 8E3B345324004B7B003C7EF9 /* Build configuration list for PBXNativeTarget "TimerWatch" */;
			buildPhases = (
				8E3B343224004B74003C7EF9 /* Resources */,
				8E3B345224004B7B003C7EF9 /* Embed App Extensions */,
			);
			buildRules = (
			);
			dependencies = (
				8E3B344324004B79003C7EF9 /* PBXTargetDependency */,
			);
			name = TimerWatch;
			productName = TimerWatch;
			productReference = 8E3B343424004B74003C7EF9 /* Таймер.app */;
			productType = "com.apple.product-type.application.watchapp2";
		};
		8E3B343F24004B79003C7EF9 /* TimerWatch Extension */ = {
			isa = PBXNativeTarget;
			buildConfigurationList = 8E3B344F24004B7B003C7EF9 /* Build configuration list for PBXNativeTarget "TimerWatch Extension" */;
			buildPhases = (
				8E3B343C24004B79003C7EF9 /* Sources */,
				8E3B343D24004B79003C7EF9 /* Frameworks */,
				8E3B343E24004B79003C7EF9 /* Resources */,
			);
			buildRules = (
			);
			dependencies = (
			);
			name = "TimerWatch Extension";
			productName = "TimerWatch Extension";
			productReference = 8E3B344024004B79003C7EF9 /* TimerWatch Extension.appex */;
			productType = "com.apple.product-type.watchkit2-extension";
		};
/* End PBXNativeTarget section */

/* Begin PBXProject section */
		8E3B341324004912003C7EF9 /* Project object */ = {
			isa = PBXProject;
			attributes = {
				LastSwiftUpdateCheck = 1130;
				LastUpgradeCheck = 1130;
				ORGANIZATIONNAME = Kamil;
				TargetAttributes = {
					8E3975222402694F00F54209 = {
						CreatedOnToolsVersion = 11.3.1;
					};
					8E3B341A24004912003C7EF9 = {
						CreatedOnToolsVersion = 11.3.1;
					};
					8E3B343324004B74003C7EF9 = {
						CreatedOnToolsVersion = 11.3.1;
						LastSwiftMigration = 1130;
					};
					8E3B343F24004B79003C7EF9 = {
						CreatedOnToolsVersion = 11.3.1;
					};
				};
			};
			buildConfigurationList = 8E3B341624004912003C7EF9 /* Build configuration list for PBXProject "TimerApp" */;
			compatibilityVersion = "Xcode 9.3";
			developmentRegion = en;
			hasScannedForEncodings = 0;
			knownRegions = (
				en,
				Base,
			);
			mainGroup = 8E3B341224004912003C7EF9;
			productRefGroup = 8E3B341C24004912003C7EF9 /* Products */;
			projectDirPath = "";
			projectRoot = "";
			targets = (
				8E3B341A24004912003C7EF9 /* TimerApp */,
				8E3B343324004B74003C7EF9 /* TimerWatch */,
				8E3B343F24004B79003C7EF9 /* TimerWatch Extension */,
				8E3975222402694F00F54209 /* TimerApp Extension */,
			);
		};
/* End PBXProject section */

/* Begin PBXResourcesBuildPhase section */
		8E3975212402694F00F54209 /* Resources */ = {
			isa = PBXResourcesBuildPhase;
			buildActionMask = 2147483647;
			files = (
				8E39752C2402694F00F54209 /* MainInterface.storyboard in Resources */,
			);
			runOnlyForDeploymentPostprocessing = 0;
		};
		8E3B341924004912003C7EF9 /* Resources */ = {
			isa = PBXResourcesBuildPhase;
			buildActionMask = 2147483647;
			files = (
				8E3B342B24004914003C7EF9 /* LaunchScreen.storyboard in Resources */,
				8E3B342824004914003C7EF9 /* Assets.xcassets in Resources */,
				8E3B342624004912003C7EF9 /* Main.storyboard in Resources */,
			);
			runOnlyForDeploymentPostprocessing = 0;
		};
		8E3B343224004B74003C7EF9 /* Resources */ = {
			isa = PBXResourcesBuildPhase;
			buildActionMask = 2147483647;
			files = (
				8E3B343A24004B78003C7EF9 /* Assets.xcassets in Resources */,
				8E3B343824004B74003C7EF9 /* Interface.storyboard in Resources */,
			);
			runOnlyForDeploymentPostprocessing = 0;
		};
		8E3B343E24004B79003C7EF9 /* Resources */ = {
			isa = PBXResourcesBuildPhase;
			buildActionMask = 2147483647;
			files = (
				8E3B344A24004B7B003C7EF9 /* Assets.xcassets in Resources */,
			);
			runOnlyForDeploymentPostprocessing = 0;
		};
/* End PBXResourcesBuildPhase section */

/* Begin PBXSourcesBuildPhase section */
		8E39751F2402694F00F54209 /* Sources */ = {
			isa = PBXSourcesBuildPhase;
			buildActionMask = 2147483647;
			files = (
				8E3975292402694F00F54209 /* TodayViewController.swift in Sources */,
			);
			runOnlyForDeploymentPostprocessing = 0;
		};
		8E3B341724004912003C7EF9 /* Sources */ = {
			isa = PBXSourcesBuildPhase;
			buildActionMask = 2147483647;
			files = (
				8E3B342324004912003C7EF9 /* ViewController.swift in Sources */,
				8E3B341F24004912003C7EF9 /* AppDelegate.swift in Sources */,
				8E3B342124004912003C7EF9 /* SceneDelegate.swift in Sources */,
			);
			runOnlyForDeploymentPostprocessing = 0;
		};
		8E3B343C24004B79003C7EF9 /* Sources */ = {
			isa = PBXSourcesBuildPhase;
			buildActionMask = 2147483647;
			files = (
				8E3B344824004B79003C7EF9 /* ExtensionDelegate.swift in Sources */,
				8E3B344624004B79003C7EF9 /* InterfaceController.swift in Sources */,
			);
			runOnlyForDeploymentPostprocessing = 0;
		};
/* End PBXSourcesBuildPhase section */

/* Begin PBXTargetDependency section */
		8E39752F2402695000F54209 /* PBXTargetDependency */ = {
			isa = PBXTargetDependency;
			target = 8E3975222402694F00F54209 /* TimerApp Extension */;
			targetProxy = 8E39752E2402695000F54209 /* PBXContainerItemProxy */;
		};
		8E3B344324004B79003C7EF9 /* PBXTargetDependency */ = {
			isa = PBXTargetDependency;
			target = 8E3B343F24004B79003C7EF9 /* TimerWatch Extension */;
			targetProxy = 8E3B344224004B79003C7EF9 /* PBXContainerItemProxy */;
		};
		8E3B344D24004B7B003C7EF9 /* PBXTargetDependency */ = {
			isa = PBXTargetDependency;
			target = 8E3B343324004B74003C7EF9 /* TimerWatch */;
			targetProxy = 8E3B344C24004B7B003C7EF9 /* PBXContainerItemProxy */;
		};
/* End PBXTargetDependency section */

/* Begin PBXVariantGroup section */
		8E39752A2402694F00F54209 /* MainInterface.storyboard */ = {
			isa = PBXVariantGroup;
			children = (
				8E39752B2402694F00F54209 /* Base */,
			);
			name = MainInterface.storyboard;
			sourceTree = "<group>";
		};
		8E3B342424004912003C7EF9 /* Main.storyboard */ = {
			isa = PBXVariantGroup;
			children = (
				8E3B342524004912003C7EF9 /* Base */,
			);
			name = Main.storyboard;
			sourceTree = "<group>";
		};
		8E3B342924004914003C7EF9 /* LaunchScreen.storyboard */ = {
			isa = PBXVariantGroup;
			children = (
				8E3B342A24004914003C7EF9 /* Base */,
			);
			name = LaunchScreen.storyboard;
			sourceTree = "<group>";
		};
		8E3B343624004B74003C7EF9 /* Interface.storyboard */ = {
			isa = PBXVariantGroup;
			children = (
				8E3B343724004B74003C7EF9 /* Base */,
			);
			name = Interface.storyboard;
			sourceTree = "<group>";
		};
/* End PBXVariantGroup section */

/* Begin XCBuildConfiguration section */
		8E3975322402695000F54209 /* Debug */ = {
			isa = XCBuildConfiguration;
			buildSettings = {
				CODE_SIGN_STYLE = Automatic;
				DEVELOPMENT_TEAM = N9M439B4KG;
				INFOPLIST_FILE = "TimerApp Extension/Info.plist";
				LD_RUNPATH_SEARCH_PATHS = (
					"$(inherited)",
					"@executable_path/Frameworks",
					"@executable_path/../../Frameworks",
				);
				MARKETING_VERSION = 2.1;
				PRODUCT_BUNDLE_IDENTIFIER = "velvetmoustache.TimerApp.TimerApp-Extension";
				PRODUCT_NAME = "Tаймер";
				SKIP_INSTALL = YES;
				SWIFT_VERSION = 5.0;
				TARGETED_DEVICE_FAMILY = "1,2";
			};
			name = Debug;
		};
		8E3975332402695000F54209 /* Release */ = {
			isa = XCBuildConfiguration;
			buildSettings = {
				CODE_SIGN_STYLE = Automatic;
				DEVELOPMENT_TEAM = N9M439B4KG;
				INFOPLIST_FILE = "TimerApp Extension/Info.plist";
				LD_RUNPATH_SEARCH_PATHS = (
					"$(inherited)",
					"@executable_path/Frameworks",
					"@executable_path/../../Frameworks",
				);
				MARKETING_VERSION = 2.1;
				PRODUCT_BUNDLE_IDENTIFIER = "velvetmoustache.TimerApp.TimerApp-Extension";
				PRODUCT_NAME = "Tаймер";
				SKIP_INSTALL = YES;
				SWIFT_VERSION = 5.0;
				TARGETED_DEVICE_FAMILY = "1,2";
			};
			name = Release;
		};
		8E3B342D24004914003C7EF9 /* Debug */ = {
			isa = XCBuildConfiguration;
			buildSettings = {
				ALWAYS_SEARCH_USER_PATHS = NO;
				CLANG_ANALYZER_NONNULL = YES;
				CLANG_ANALYZER_NUMBER_OBJECT_CONVERSION = YES_AGGRESSIVE;
				CLANG_CXX_LANGUAGE_STANDARD = "gnu++14";
				CLANG_CXX_LIBRARY = "libc++";
				CLANG_ENABLE_MODULES = YES;
				CLANG_ENABLE_OBJC_ARC = YES;
				CLANG_ENABLE_OBJC_WEAK = YES;
				CLANG_WARN_BLOCK_CAPTURE_AUTORELEASING = YES;
				CLANG_WARN_BOOL_CONVERSION = YES;
				CLANG_WARN_COMMA = YES;
				CLANG_WARN_CONSTANT_CONVERSION = YES;
				CLANG_WARN_DEPRECATED_OBJC_IMPLEMENTATIONS = YES;
				CLANG_WARN_DIRECT_OBJC_ISA_USAGE = YES_ERROR;
				CLANG_WARN_DOCUMENTATION_COMMENTS = YES;
				CLANG_WARN_EMPTY_BODY = YES;
				CLANG_WARN_ENUM_CONVERSION = YES;
				CLANG_WARN_INFINITE_RECURSION = YES;
				CLANG_WARN_INT_CONVERSION = YES;
				CLANG_WARN_NON_LITERAL_NULL_CONVERSION = YES;
				CLANG_WARN_OBJC_IMPLICIT_RETAIN_SELF = YES;
				CLANG_WARN_OBJC_LITERAL_CONVERSION = YES;
				CLANG_WARN_OBJC_ROOT_CLASS = YES_ERROR;
				CLANG_WARN_RANGE_LOOP_ANALYSIS = YES;
				CLANG_WARN_STRICT_PROTOTYPES = YES;
				CLANG_WARN_SUSPICIOUS_MOVE = YES;
				CLANG_WARN_UNGUARDED_AVAILABILITY = YES_AGGRESSIVE;
				CLANG_WARN_UNREACHABLE_CODE = YES;
				CLANG_WARN__DUPLICATE_METHOD_MATCH = YES;
				COPY_PHASE_STRIP = NO;
				DEBUG_INFORMATION_FORMAT = dwarf;
				ENABLE_STRICT_OBJC_MSGSEND = YES;
				ENABLE_TESTABILITY = YES;
				GCC_C_LANGUAGE_STANDARD = gnu11;
				GCC_DYNAMIC_NO_PIC = NO;
				GCC_NO_COMMON_BLOCKS = YES;
				GCC_OPTIMIZATION_LEVEL = 0;
				GCC_PREPROCESSOR_DEFINITIONS = (
					"DEBUG=1",
					"$(inherited)",
				);
				GCC_WARN_64_TO_32_BIT_CONVERSION = YES;
				GCC_WARN_ABOUT_RETURN_TYPE = YES_ERROR;
				GCC_WARN_UNDECLARED_SELECTOR = YES;
				GCC_WARN_UNINITIALIZED_AUTOS = YES_AGGRESSIVE;
				GCC_WARN_UNUSED_FUNCTION = YES;
				GCC_WARN_UNUSED_VARIABLE = YES;
				IPHONEOS_DEPLOYMENT_TARGET = 13.2;
				MTL_ENABLE_DEBUG_INFO = INCLUDE_SOURCE;
				MTL_FAST_MATH = YES;
				ONLY_ACTIVE_ARCH = YES;
				SDKROOT = iphoneos;
				SWIFT_ACTIVE_COMPILATION_CONDITIONS = DEBUG;
				SWIFT_OPTIMIZATION_LEVEL = "-Onone";
			};
			name = Debug;
		};
		8E3B342E24004914003C7EF9 /* Release */ = {
			isa = XCBuildConfiguration;
			buildSettings = {
				ALWAYS_SEARCH_USER_PATHS = NO;
				CLANG_ANALYZER_NONNULL = YES;
				CLANG_ANALYZER_NUMBER_OBJECT_CONVERSION = YES_AGGRESSIVE;
				CLANG_CXX_LANGUAGE_STANDARD = "gnu++14";
				CLANG_CXX_LIBRARY = "libc++";
				CLANG_ENABLE_MODULES = YES;
				CLANG_ENABLE_OBJC_ARC = YES;
				CLANG_ENABLE_OBJC_WEAK = YES;
				CLANG_WARN_BLOCK_CAPTURE_AUTORELEASING = YES;
				CLANG_WARN_BOOL_CONVERSION = YES;
				CLANG_WARN_COMMA = YES;
				CLANG_WARN_CONSTANT_CONVERSION = YES;
				CLANG_WARN_DEPRECATED_OBJC_IMPLEMENTATIONS = YES;
				CLANG_WARN_DIRECT_OBJC_ISA_USAGE = YES_ERROR;
				CLANG_WARN_DOCUMENTATION_COMMENTS = YES;
				CLANG_WARN_EMPTY_BODY = YES;
				CLANG_WARN_ENUM_CONVERSION = YES;
				CLANG_WARN_INFINITE_RECURSION = YES;
				CLANG_WARN_INT_CONVERSION = YES;
				CLANG_WARN_NON_LITERAL_NULL_CONVERSION = YES;
				CLANG_WARN_OBJC_IMPLICIT_RETAIN_SELF = YES;
				CLANG_WARN_OBJC_LITERAL_CONVERSION = YES;
				CLANG_WARN_OBJC_ROOT_CLASS = YES_ERROR;
				CLANG_WARN_RANGE_LOOP_ANALYSIS = YES;
				CLANG_WARN_STRICT_PROTOTYPES = YES;
				CLANG_WARN_SUSPICIOUS_MOVE = YES;
				CLANG_WARN_UNGUARDED_AVAILABILITY = YES_AGGRESSIVE;
				CLANG_WARN_UNREACHABLE_CODE = YES;
				CLANG_WARN__DUPLICATE_METHOD_MATCH = YES;
				COPY_PHASE_STRIP = NO;
				DEBUG_INFORMATION_FORMAT = "dwarf-with-dsym";
				ENABLE_NS_ASSERTIONS = NO;
				ENABLE_STRICT_OBJC_MSGSEND = YES;
				GCC_C_LANGUAGE_STANDARD = gnu11;
				GCC_NO_COMMON_BLOCKS = YES;
				GCC_WARN_64_TO_32_BIT_CONVERSION = YES;
				GCC_WARN_ABOUT_RETURN_TYPE = YES_ERROR;
				GCC_WARN_UNDECLARED_SELECTOR = YES;
				GCC_WARN_UNINITIALIZED_AUTOS = YES_AGGRESSIVE;
				GCC_WARN_UNUSED_FUNCTION = YES;
				GCC_WARN_UNUSED_VARIABLE = YES;
				IPHONEOS_DEPLOYMENT_TARGET = 13.2;
				MTL_ENABLE_DEBUG_INFO = NO;
				MTL_FAST_MATH = YES;
				SDKROOT = iphoneos;
				SWIFT_COMPILATION_MODE = wholemodule;
				SWIFT_OPTIMIZATION_LEVEL = "-O";
				VALIDATE_PRODUCT = YES;
			};
			name = Release;
		};
		8E3B343024004914003C7EF9 /* Debug */ = {
			isa = XCBuildConfiguration;
			buildSettings = {
				ALWAYS_EMBED_SWIFT_STANDARD_LIBRARIES = YES;
				ASSETCATALOG_COMPILER_APPICON_NAME = AppIcon;
				CODE_SIGN_STYLE = Automatic;
				DEVELOPMENT_TEAM = N9M439B4KG;
				INFOPLIST_FILE = TimerApp/Info.plist;
				LD_RUNPATH_SEARCH_PATHS = (
					"$(inherited)",
					"@executable_path/Frameworks",
				);
				MARKETING_VERSION = 2.1;
				PRODUCT_BUNDLE_IDENTIFIER = velvetmoustache.TimerApp;
				PRODUCT_NAME = "Таймер";
				SWIFT_VERSION = 5.0;
				TARGETED_DEVICE_FAMILY = "1,2";
			};
			name = Debug;
		};
		8E3B343124004914003C7EF9 /* Release */ = {
			isa = XCBuildConfiguration;
			buildSettings = {
				ALWAYS_EMBED_SWIFT_STANDARD_LIBRARIES = YES;
				ASSETCATALOG_COMPILER_APPICON_NAME = AppIcon;
				CODE_SIGN_STYLE = Automatic;
				DEVELOPMENT_TEAM = N9M439B4KG;
				INFOPLIST_FILE = TimerApp/Info.plist;
				LD_RUNPATH_SEARCH_PATHS = (
					"$(inherited)",
					"@executable_path/Frameworks",
				);
				MARKETING_VERSION = 2.1;
				PRODUCT_BUNDLE_IDENTIFIER = velvetmoustache.TimerApp;
				PRODUCT_NAME = "Таймер";
				SWIFT_VERSION = 5.0;
				TARGETED_DEVICE_FAMILY = "1,2";
			};
			name = Release;
		};
		8E3B345024004B7B003C7EF9 /* Debug */ = {
			isa = XCBuildConfiguration;
			buildSettings = {
				ASSETCATALOG_COMPILER_COMPLICATION_NAME = Complication;
				CODE_SIGN_STYLE = Automatic;
				DEVELOPMENT_TEAM = N9M439B4KG;
				INFOPLIST_FILE = "TimerWatch Extension/Info.plist";
				LD_RUNPATH_SEARCH_PATHS = (
					"$(inherited)",
					"@executable_path/Frameworks",
					"@executable_path/../../Frameworks",
				);
				MARKETING_VERSION = 2.1;
				PRODUCT_BUNDLE_IDENTIFIER = velvetmoustache.TimerApp.watchkitapp.watchkitextension;
				PRODUCT_NAME = "${TARGET_NAME}";
				SDKROOT = watchos;
				SKIP_INSTALL = YES;
				SWIFT_VERSION = 5.0;
				TARGETED_DEVICE_FAMILY = 4;
				WATCHOS_DEPLOYMENT_TARGET = 6.1;
			};
			name = Debug;
		};
		8E3B345124004B7B003C7EF9 /* Release */ = {
			isa = XCBuildConfiguration;
			buildSettings = {
				ASSETCATALOG_COMPILER_COMPLICATION_NAME = Complication;
				CODE_SIGN_STYLE = Automatic;
				DEVELOPMENT_TEAM = N9M439B4KG;
				INFOPLIST_FILE = "TimerWatch Extension/Info.plist";
				LD_RUNPATH_SEARCH_PATHS = (
					"$(inherited)",
					"@executable_path/Frameworks",
					"@executable_path/../../Frameworks",
				);
				MARKETING_VERSION = 2.1;
				PRODUCT_BUNDLE_IDENTIFIER = velvetmoustache.TimerApp.watchkitapp.watchkitextension;
				PRODUCT_NAME = "${TARGET_NAME}";
				SDKROOT = watchos;
				SKIP_INSTALL = YES;
				SWIFT_VERSION = 5.0;
				TARGETED_DEVICE_FAMILY = 4;
				WATCHOS_DEPLOYMENT_TARGET = 6.1;
			};
			name = Release;
		};
		8E3B345424004B7B003C7EF9 /* Debug */ = {
			isa = XCBuildConfiguration;
			buildSettings = {
				ALWAYS_EMBED_SWIFT_STANDARD_LIBRARIES = YES;
				ASSETCATALOG_COMPILER_APPICON_NAME = AppIcon;
				CLANG_ENABLE_MODULES = YES;
				CODE_SIGN_STYLE = Automatic;
				DEVELOPMENT_TEAM = N9M439B4KG;
				IBSC_MODULE = TimerWatch_Extension;
				INFOPLIST_FILE = TimerWatch/Info.plist;
				LD_RUNPATH_SEARCH_PATHS = (
					"$(inherited)",
					"@executable_path/../Frameworks",
					"@loader_path/../Frameworks",
				);
				MARKETING_VERSION = 2.1;
				PRODUCT_BUNDLE_IDENTIFIER = velvetmoustache.TimerApp.watchkitapp;
				PRODUCT_NAME = "Таймер";
				SDKROOT = watchos;
				SKIP_INSTALL = YES;
				SWIFT_OBJC_BRIDGING_HEADER = "TimerWatch-Bridging-Header.h";
				SWIFT_OPTIMIZATION_LEVEL = "-Onone";
				SWIFT_VERSION = 5.0;
				TARGETED_DEVICE_FAMILY = 4;
				WATCHOS_DEPLOYMENT_TARGET = 6.1;
			};
			name = Debug;
		};
		8E3B345524004B7B003C7EF9 /* Release */ = {
			isa = XCBuildConfiguration;
			buildSettings = {
				ALWAYS_EMBED_SWIFT_STANDARD_LIBRARIES = YES;
				ASSETCATALOG_COMPILER_APPICON_NAME = AppIcon;
				CLANG_ENABLE_MODULES = YES;
				CODE_SIGN_STYLE = Automatic;
				DEVELOPMENT_TEAM = N9M439B4KG;
				IBSC_MODULE = TimerWatch_Extension;
				INFOPLIST_FILE = TimerWatch/Info.plist;
				LD_RUNPATH_SEARCH_PATHS = (
					"$(inherited)",
					"@executable_path/../Frameworks",
					"@loader_path/../Frameworks",
				);
				MARKETING_VERSION = 2.1;
				PRODUCT_BUNDLE_IDENTIFIER = velvetmoustache.TimerApp.watchkitapp;
				PRODUCT_NAME = "Таймер";
				SDKROOT = watchos;
				SKIP_INSTALL = YES;
				SWIFT_OBJC_BRIDGING_HEADER = "TimerWatch-Bridging-Header.h";
				SWIFT_VERSION = 5.0;
				TARGETED_DEVICE_FAMILY = 4;
				WATCHOS_DEPLOYMENT_TARGET = 6.1;
			};
			name = Release;
		};
/* End XCBuildConfiguration section */

/* Begin XCConfigurationList section */
		8E3975342402695000F54209 /* Build configuration list for PBXNativeTarget "TimerApp Extension" */ = {
			isa = XCConfigurationList;
			buildConfigurations = (
				8E3975322402695000F54209 /* Debug */,
				8E3975332402695000F54209 /* Release */,
			);
			defaultConfigurationIsVisible = 0;
			defaultConfigurationName = Release;
		};
		8E3B341624004912003C7EF9 /* Build configuration list for PBXProject "TimerApp" */ = {
			isa = XCConfigurationList;
			buildConfigurations = (
				8E3B342D24004914003C7EF9 /* Debug */,
				8E3B342E24004914003C7EF9 /* Release */,
			);
			defaultConfigurationIsVisible = 0;
			defaultConfigurationName = Release;
		};
		8E3B342F24004914003C7EF9 /* Build configuration list for PBXNativeTarget "TimerApp" */ = {
			isa = XCConfigurationList;
			buildConfigurations = (
				8E3B343024004914003C7EF9 /* Debug */,
				8E3B343124004914003C7EF9 /* Release */,
			);
			defaultConfigurationIsVisible = 0;
			defaultConfigurationName = Release;
		};
		8E3B344F24004B7B003C7EF9 /* Build configuration list for PBXNativeTarget "TimerWatch Extension" */ = {
			isa = XCConfigurationList;
			buildConfigurations = (
				8E3B345024004B7B003C7EF9 /* Debug */,
				8E3B345124004B7B003C7EF9 /* Release */,
			);
			defaultConfigurationIsVisible = 0;
			defaultConfigurationName = Release;
		};
		8E3B345324004B7B003C7EF9 /* Build configuration list for PBXNativeTarget "TimerWatch" */ = {
			isa = XCConfigurationList;
			buildConfigurations = (
				8E3B345424004B7B003C7EF9 /* Debug */,
				8E3B345524004B7B003C7EF9 /* Release */,
			);
			defaultConfigurationIsVisible = 0;
			defaultConfigurationName = Release;
		};
/* End XCConfigurationList section */
	};
	rootObject = 8E3B341324004912003C7EF9 /* Project object */;
}
